
Microsoft Visual Studio Solution File, Format Version 12.00
# Visual Studio Version 17
VisualStudioVersion = 17.14.36414.22
MinimumVisualStudioVersion = 10.0.40219.1
Project("{2150E333-8FDC-42A3-9474-1A3956D46DE8}") = "Task0", "Task0", "{36D591C7-65C7-A0D1-1CBC-10CDE441BDC8}"
EndProject
Project("{FAE04EC0-301F-11D3-BF4B-00C04F79EFBC}") = "Tyuiu.SafronovVE.Sprint5.Task0.V2", "Tyuiu.SafronovVE.Sprint5.Task0.V2\Tyuiu.SafronovVE.Sprint5.Task0.V2.csproj", "{5E8B8139-FFF8-4A37-ACB1-BF26CB62B9B1}"
EndProject
Project("{FAE04EC0-301F-11D3-BF4B-00C04F79EFBC}") = "Tyuiu.SafronovVE.Sprint5.Task0.V2.Lib", "Tyuiu.SafronovVE.Sprint5.Task0.V2.Lib\Tyuiu.SafronovVE.Sprint5.Task0.V2.Lib.csproj", "{71894599-1FDF-4F2A-9A4D-B65BBCBB7CBF}"
EndProject
Project("{FAE04EC0-301F-11D3-BF4B-00C04F79EFBC}") = "Tyuiu.SafronovVE.Sprint5.Task0.V2.Test", "Tyuiu.SafronovVE.Sprint5.Task0.V2.Test\Tyuiu.SafronovVE.Sprint5.Task0.V2.Test.csproj", "{906DDB52-7E94-49F8-A85D-4423CD26AE6D}"
EndProject
Project("{2150E333-8FDC-42A3-9474-1A3956D46DE8}") = "Task1", "Task1", "{C852A6C1-FD7B-47F0-BCD0-D11953594B3E}"
EndProject
Project("{FAE04EC0-301F-11D3-BF4B-00C04F79EFBC}") = "Tyuiu.SafronovVE.Sprint5.Task1.V17", "Tyuiu.SafronovVE.Sprint5.Task1.V17\Tyuiu.SafronovVE.Sprint5.Task1.V17.csproj", "{A8204594-16DB-4AEE-9043-C14576373900}"
EndProject
Project("{FAE04EC0-301F-11D3-BF4B-00C04F79EFBC}") = "Tyuiu.SafronovVE.Sprint5.Task1.V17.Lib", "Tyuiu.SafronovVE.Sprint5.Task1.V17.Lib\Tyuiu.SafronovVE.Sprint5.Task1.V17.Lib.csproj", "{737ED288-B022-43A0-9639-9A3C833E1C21}"
EndProject
Project("{FAE04EC0-301F-11D3-BF4B-00C04F79EFBC}") = "Tyuiu.SafronovVE.Sprint5.Task1.V17.Test", "Tyuiu.SafronovVE.Sprint5.Task1.V17.Test\Tyuiu.SafronovVE.Sprint5.Task1.V17.Test.csproj", "{19DD5373-C94C-4AED-9555-F6E585AD130D}"
EndProject
Project("{2150E333-8FDC-42A3-9474-1A3956D46DE8}") = "Task2", "Task2", "{AA48636A-012E-469D-B6B0-B09AB9DD0B7D}"
EndProject
Project("{FAE04EC0-301F-11D3-BF4B-00C04F79EFBC}") = "Tyuiu.SafronovVE.Sprint5.Task2.V3", "Tyuiu.SafronovVE.Sprint5.Task2.V3\Tyuiu.SafronovVE.Sprint5.Task2.V3.csproj", "{A2D0C434-28F3-4A7D-B9B1-EFEC5B43D796}"
EndProject
Project("{FAE04EC0-301F-11D3-BF4B-00C04F79EFBC}") = "Tyuiu.SafronovVE.Sprint5.Task2.V3.Lib", "Tyuiu.SafronovVE.Sprint5.Task2.V3.Lib\Tyuiu.SafronovVE.Sprint5.Task2.V3.Lib.csproj", "{B50C8C85-159C-41CB-A9C2-1FC4D30E54B4}"
EndProject
Project("{FAE04EC0-301F-11D3-BF4B-00C04F79EFBC}") = "Tyuiu.SafronovVE.Sprint5.Task2.V3.Test", "Tyuiu.SafronovVE.Sprint5.Task2.V3.Test\Tyuiu.SafronovVE.Sprint5.Task2.V3.Test.csproj", "{A9B953BD-F726-4DFF-9543-406C0715EE0F}"
EndProject
Project("{2150E333-8FDC-42A3-9474-1A3956D46DE8}") = "Task3", "Task3", "{F0CA693A-E691-4F78-8C69-25CD7D7FBB31}"
EndProject
Project("{FAE04EC0-301F-11D3-BF4B-00C04F79EFBC}") = "Tyuiu.SafronovVE.Sprint5.Task3.V12", "Tyuiu.SafronovVE.Sprint5.Task3.V12\Tyuiu.SafronovVE.Sprint5.Task3.V12.csproj", "{432C0BD1-494B-41D7-AB86-F30AF0D2BF1E}"
EndProject
Project("{FAE04EC0-301F-11D3-BF4B-00C04F79EFBC}") = "Tyuiu.SafronovVE.Sprint5.Task3.V12.Lib", "Tyuiu.SafronovVE.Sprint5.Task3.V12.Lib\Tyuiu.SafronovVE.Sprint5.Task3.V12.Lib.csproj", "{77DEE924-4525-4215-871E-8ABD8299AB5A}"
EndProject
Project("{FAE04EC0-301F-11D3-BF4B-00C04F79EFBC}") = "Tyuiu.SafronovVE.Sprint5.Task3.V12.Test", "Tyuiu.SafronovVE.Sprint5.Task3.V12.Test\Tyuiu.SafronovVE.Sprint5.Task3.V12.Test.csproj", "{5F673675-2CFE-46AF-8351-106E0E8EB8F0}"
EndProject
Global
	GlobalSection(SolutionConfigurationPlatforms) = preSolution
		Debug|Any CPU = Debug|Any CPU
		Release|Any CPU = Release|Any CPU
	EndGlobalSection
	GlobalSection(ProjectConfigurationPlatforms) = postSolution
		{5E8B8139-FFF8-4A37-ACB1-BF26CB62B9B1}.Debug|Any CPU.ActiveCfg = Debug|Any CPU
		{5E8B8139-FFF8-4A37-ACB1-BF26CB62B9B1}.Debug|Any CPU.Build.0 = Debug|Any CPU
		{5E8B8139-FFF8-4A37-ACB1-BF26CB62B9B1}.Release|Any CPU.ActiveCfg = Release|Any CPU
		{5E8B8139-FFF8-4A37-ACB1-BF26CB62B9B1}.Release|Any CPU.Build.0 = Release|Any CPU
		{71894599-1FDF-4F2A-9A4D-B65BBCBB7CBF}.Debug|Any CPU.ActiveCfg = Debug|Any CPU
		{71894599-1FDF-4F2A-9A4D-B65BBCBB7CBF}.Debug|Any CPU.Build.0 = Debug|Any CPU
		{71894599-1FDF-4F2A-9A4D-B65BBCBB7CBF}.Release|Any CPU.ActiveCfg = Release|Any CPU
		{71894599-1FDF-4F2A-9A4D-B65BBCBB7CBF}.Release|Any CPU.Build.0 = Release|Any CPU
		{906DDB52-7E94-49F8-A85D-4423CD26AE6D}.Debug|Any CPU.ActiveCfg = Debug|Any CPU
		{906DDB52-7E94-49F8-A85D-4423CD26AE6D}.Debug|Any CPU.Build.0 = Debug|Any CPU
		{906DDB52-7E94-49F8-A85D-4423CD26AE6D}.Release|Any CPU.ActiveCfg = Release|Any CPU
		{906DDB52-7E94-49F8-A85D-4423CD26AE6D}.Release|Any CPU.Build.0 = Release|Any CPU
		{A8204594-16DB-4AEE-9043-C14576373900}.Debug|Any CPU.ActiveCfg = Debug|Any CPU
		{A8204594-16DB-4AEE-9043-C14576373900}.Debug|Any CPU.Build.0 = Debug|Any CPU
		{A8204594-16DB-4AEE-9043-C14576373900}.Release|Any CPU.ActiveCfg = Release|Any CPU
		{A8204594-16DB-4AEE-9043-C14576373900}.Release|Any CPU.Build.0 = Release|Any CPU
		{737ED288-B022-43A0-9639-9A3C833E1C21}.Debug|Any CPU.ActiveCfg = Debug|Any CPU
		{737ED288-B022-43A0-9639-9A3C833E1C21}.Debug|Any CPU.Build.0 = Debug|Any CPU
		{737ED288-B022-43A0-9639-9A3C833E1C21}.Release|Any CPU.ActiveCfg = Release|Any CPU
		{737ED288-B022-43A0-9639-9A3C833E1C21}.Release|Any CPU.Build.0 = Release|Any CPU
		{19DD5373-C94C-4AED-9555-F6E585AD130D}.Debug|Any CPU.ActiveCfg = Debug|Any CPU
		{19DD5373-C94C-4AED-9555-F6E585AD130D}.Debug|Any CPU.Build.0 = Debug|Any CPU
		{19DD5373-C94C-4AED-9555-F6E585AD130D}.Release|Any CPU.ActiveCfg = Release|Any CPU
		{19DD5373-C94C-4AED-9555-F6E585AD130D}.Release|Any CPU.Build.0 = Release|Any CPU
		{A2D0C434-28F3-4A7D-B9B1-EFEC5B43D796}.Debug|Any CPU.ActiveCfg = Debug|Any CPU
		{A2D0C434-28F3-4A7D-B9B1-EFEC5B43D796}.Debug|Any CPU.Build.0 = Debug|Any CPU
		{A2D0C434-28F3-4A7D-B9B1-EFEC5B43D796}.Release|Any CPU.ActiveCfg = Release|Any CPU
		{A2D0C434-28F3-4A7D-B9B1-EFEC5B43D796}.Release|Any CPU.Build.0 = Release|Any CPU
		{B50C8C85-159C-41CB-A9C2-1FC4D30E54B4}.Debug|Any CPU.ActiveCfg = Debug|Any CPU
		{B50C8C85-159C-41CB-A9C2-1FC4D30E54B4}.Debug|Any CPU.Build.0 = Debug|Any CPU
		{B50C8C85-159C-41CB-A9C2-1FC4D30E54B4}.Release|Any CPU.ActiveCfg = Release|Any CPU
		{B50C8C85-159C-41CB-A9C2-1FC4D30E54B4}.Release|Any CPU.Build.0 = Release|Any CPU
		{A9B953BD-F726-4DFF-9543-406C0715EE0F}.Debug|Any CPU.ActiveCfg = Debug|Any CPU
		{A9B953BD-F726-4DFF-9543-406C0715EE0F}.Debug|Any CPU.Build.0 = Debug|Any CPU
		{A9B953BD-F726-4DFF-9543-406C0715EE0F}.Release|Any CPU.ActiveCfg = Release|Any CPU
		{A9B953BD-F726-4DFF-9543-406C0715EE0F}.Release|Any CPU.Build.0 = Release|Any CPU
		{432C0BD1-494B-41D7-AB86-F30AF0D2BF1E}.Debug|Any CPU.ActiveCfg = Debug|Any CPU
		{432C0BD1-494B-41D7-AB86-F30AF0D2BF1E}.Debug|Any CPU.Build.0 = Debug|Any CPU
		{432C0BD1-494B-41D7-AB86-F30AF0D2BF1E}.Release|Any CPU.ActiveCfg = Release|Any CPU
		{432C0BD1-494B-41D7-AB86-F30AF0D2BF1E}.Release|Any CPU.Build.0 = Release|Any CPU
		{77DEE924-4525-4215-871E-8ABD8299AB5A}.Debug|Any CPU.ActiveCfg = Debug|Any CPU
		{77DEE924-4525-4215-871E-8ABD8299AB5A}.Debug|Any CPU.Build.0 = Debug|Any CPU
		{77DEE924-4525-4215-871E-8ABD8299AB5A}.Release|Any CPU.ActiveCfg = Release|Any CPU
		{77DEE924-4525-4215-871E-8ABD8299AB5A}.Release|Any CPU.Build.0 = Release|Any CPU
		{5F673675-2CFE-46AF-8351-106E0E8EB8F0}.Debug|Any CPU.ActiveCfg = Debug|Any CPU
		{5F673675-2CFE-46AF-8351-106E0E8EB8F0}.Debug|Any CPU.Build.0 = Debug|Any CPU
		{5F673675-2CFE-46AF-8351-106E0E8EB8F0}.Release|Any CPU.ActiveCfg = Release|Any CPU
		{5F673675-2CFE-46AF-8351-106E0E8EB8F0}.Release|Any CPU.Build.0 = Release|Any CPU
	EndGlobalSection
	GlobalSection(SolutionProperties) = preSolution
		HideSolutionNode = FALSE
	EndGlobalSection
	GlobalSection(NestedProjects) = preSolution
		{5E8B8139-FFF8-4A37-ACB1-BF26CB62B9B1} = {36D591C7-65C7-A0D1-1CBC-10CDE441BDC8}
		{71894599-1FDF-4F2A-9A4D-B65BBCBB7CBF} = {36D591C7-65C7-A0D1-1CBC-10CDE441BDC8}
		{906DDB52-7E94-49F8-A85D-4423CD26AE6D} = {36D591C7-65C7-A0D1-1CBC-10CDE441BDC8}
		{A8204594-16DB-4AEE-9043-C14576373900} = {C852A6C1-FD7B-47F0-BCD0-D11953594B3E}
		{737ED288-B022-43A0-9639-9A3C833E1C21} = {C852A6C1-FD7B-47F0-BCD0-D11953594B3E}
		{19DD5373-C94C-4AED-9555-F6E585AD130D} = {C852A6C1-FD7B-47F0-BCD0-D11953594B3E}
		{A2D0C434-28F3-4A7D-B9B1-EFEC5B43D796} = {AA48636A-012E-469D-B6B0-B09AB9DD0B7D}
		{B50C8C85-159C-41CB-A9C2-1FC4D30E54B4} = {AA48636A-012E-469D-B6B0-B09AB9DD0B7D}
		{A9B953BD-F726-4DFF-9543-406C0715EE0F} = {AA48636A-012E-469D-B6B0-B09AB9DD0B7D}
		{432C0BD1-494B-41D7-AB86-F30AF0D2BF1E} = {F0CA693A-E691-4F78-8C69-25CD7D7FBB31}
		{77DEE924-4525-4215-871E-8ABD8299AB5A} = {F0CA693A-E691-4F78-8C69-25CD7D7FBB31}
		{5F673675-2CFE-46AF-8351-106E0E8EB8F0} = {F0CA693A-E691-4F78-8C69-25CD7D7FBB31}
	EndGlobalSection
	GlobalSection(ExtensibilityGlobals) = postSolution
		SolutionGuid = {FDF09F6C-FFCF-44AB-BF3E-F700674A7880}
	EndGlobalSection
EndGlobal
